
Microsoft Visual Studio Solution File, Format Version 12.00
# Visual Studio 15
VisualStudioVersion = 15.0.28307.1022
MinimumVisualStudioVersion = 10.0.40219.1
Project("{FAE04EC0-301F-11D3-BF4B-00C04F79EFBC}") = "modelcatalogue", "modelcatalogue.csproj", "{5F15DECC-9CDE-4DF0-AB03-9F5B7321BC87}"
EndProject
Global
	GlobalSection(SolutionConfigurationPlatforms) = preSolution
		Debug|Any CPU = Debug|Any CPU
		Release|Any CPU = Release|Any CPU
	EndGlobalSection
	GlobalSection(ProjectConfigurationPlatforms) = postSolution
		{5F15DECC-9CDE-4DF0-AB03-9F5B7321BC87}.Debug|Any CPU.ActiveCfg = Debug|Any CPU
		{5F15DECC-9CDE-4DF0-AB03-9F5B7321BC87}.Debug|Any CPU.Build.0 = Debug|Any CPU
		{5F15DECC-9CDE-4DF0-AB03-9F5B7321BC87}.Release|Any CPU.ActiveCfg = Release|Any CPU
		{5F15DECC-9CDE-4DF0-AB03-9F5B7321BC87}.Release|Any CPU.Build.0 = Release|Any CPU
	EndGlobalSection
	GlobalSection(SolutionProperties) = preSolution
		HideSolutionNode = FALSE
	EndGlobalSection
	GlobalSection(ExtensibilityGlobals) = postSolution
		SolutionGuid = {678EA282-D367-4DD8-B9A9-D49281CC2299}
	EndGlobalSection
EndGlobal
